// !$*UTF8*$!
{
	archiveVersion = 1;
	classes = {
	};
	objectVersion = 77;
	objects = {

/* Begin PBXBuildFile section */
		2F4A87382F6403250088B0BF /* WidgetKit.framework in Frameworks */ = {isa = PBXBuildFile; fileRef = 2F4A87372F6403250088B0BF /* WidgetKit.framework */; };
		2F4A873A2F6403250088B0BF /* SwiftUI.framework in Frameworks */ = {isa = PBXBuildFile; fileRef = 2F4A87392F6403250088B0BF /* SwiftUI.framework */; };
		2F4A874B2F6403260088B0BF /* MyWidgetExtension.appex in Embed Foundation Extensions */ = {isa = PBXBuildFile; fileRef = 2F4A87352F6403250088B0BF /* MyWidgetExtension.appex */; settings = {ATTRIBUTES = (RemoveHeadersOnCopy, ); }; };
		2F72CF162F65672800674881 /* MagicUi in Frameworks */ = {isa = PBXBuildFile; productRef = 2F72CF152F65672800674881 /* MagicUi */; };
		2FB4B8D02F640B6200E86DCC /* MagicUi in Frameworks */ = {isa = PBXBuildFile; productRef = 2FB4B8CF2F640B6200E86DCC /* MagicUi */; };
/* End PBXBuildFile section */

/* Begin PBXContainerItemProxy section */
		2F4A87492F6403260088B0BF /* PBXContainerItemProxy */ = {
			isa = PBXContainerItemProxy;
			containerPortal = 2F4A871B2F6401A10088B0BF /* Project object */;
			proxyType = 1;
			remoteGlobalIDString = 2F4A87342F6403250088B0BF;
			remoteInfo = MyWidgetExtension;
		};
/* End PBXContainerItemProxy section */

/* Begin PBXCopyFilesBuildPhase section */
		2F4A87502F6403260088B0BF /* Embed Foundation Extensions */ = {
			isa = PBXCopyFilesBuildPhase;
			buildActionMask = 2147483647;
			dstPath = "";
			dstSubfolderSpec = 13;
			files = (
				2F4A874B2F6403260088B0BF /* MyWidgetExtension.appex in Embed Foundation Extensions */,
			);
			name = "Embed Foundation Extensions";
			runOnlyForDeploymentPostprocessing = 0;
		};
/* End PBXCopyFilesBuildPhase section */

/* Begin PBXFileReference section */
		2F4A87232F6401A10088B0BF /* PluginWidgets.app */ = {isa = PBXFileReference; explicitFileType = wrapper.application; includeInIndex = 0; path = PluginWidgets.app; sourceTree = BUILT_PRODUCTS_DIR; };
		2F4A87352F6403250088B0BF /* MyWidgetExtension.appex */ = {isa = PBXFileReference; explicitFileType = "wrapper.app-extension"; includeInIndex = 0; path = MyWidgetExtension.appex; sourceTree = BUILT_PRODUCTS_DIR; };
		2F4A87372F6403250088B0BF /* WidgetKit.framework */ = {isa = PBXFileReference; lastKnownFileType = wrapper.framework; name = WidgetKit.framework; path = System/Library/Frameworks/WidgetKit.framework; sourceTree = SDKROOT; };
		2F4A87392F6403250088B0BF /* SwiftUI.framework */ = {isa = PBXFileReference; lastKnownFileType = wrapper.framework; name = SwiftUI.framework; path = System/Library/Frameworks/SwiftUI.framework; sourceTree = SDKROOT; };
		2F4A87652F64073B0088B0BF /* MyWidgetExtension.entitlements */ = {isa = PBXFileReference; lastKnownFileType = text.plist.entitlements; path = MyWidgetExtension.entitlements; sourceTree = "<group>"; };
		2F72CFA72F69B89300674881 /* MyWidgetExtension copy-Info.plist */ = {isa = PBXFileReference; lastKnownFileType = text.plist.xml; name = "MyWidgetExtension copy-Info.plist"; path = "/Users/petres/work/GitHub2/ToCommit/Plugins/PluginWidgets/MyWidgetExtension copy-Info.plist"; sourceTree = "<absolute>"; };
/* End PBXFileReference section */

/* Begin PBXFileSystemSynchronizedBuildFileExceptionSet section */
		2F398D752F6B300100DD5C4F /* Exceptions for "PluginWidgets" folder in "PluginWidgets" target */ = {
			isa = PBXFileSystemSynchronizedBuildFileExceptionSet;
			membershipExceptions = (
				Info.plist,
				NetworkWidget/MyNetworkWidget.swift,
				NetworkWidget/MyWidgetEntryView.swift,
				NetworkWidget/NetworkService.swift,
			);
			target = 2F4A87222F6401A10088B0BF /* PluginWidgets */;
		};
		2F4A874C2F6403260088B0BF /* Exceptions for "MyWidget" folder in "MyWidgetExtension" target */ = {
			isa = PBXFileSystemSynchronizedBuildFileExceptionSet;
			membershipExceptions = (
				Info.plist,
			);
			target = 2F4A87342F6403250088B0BF /* MyWidgetExtension */;
		};
		2FB4B8CC2F64092E00E86DCC /* Exceptions for "PluginWidgets" folder in "MyWidgetExtension" target */ = {
			isa = PBXFileSystemSynchronizedBuildFileExceptionSet;
			membershipExceptions = (
				NetworkWidget/MyNetworkWidget.swift,
				NetworkWidget/MyWidgetEntryView.swift,
				NetworkWidget/NetworkService.swift,
				SxWidget/PluginWidgets.swift,
				SxWidget/SxWidgetSharedCode.swift,
				SxWidget/WidgetConstants.swift,
				SxWidget/WidgetSharedFile.swift,
				SxWidget/WidgetTemplates.swift,
			);
			target = 2F4A87342F6403250088B0BF /* MyWidgetExtension */;
		};
/* End PBXFileSystemSynchronizedBuildFileExceptionSet section */

/* Begin PBXFileSystemSynchronizedRootGroup section */
		2F4A87252F6401A10088B0BF /* PluginWidgets */ = {
			isa = PBXFileSystemSynchronizedRootGroup;
			exceptions = (
				2F398D752F6B300100DD5C4F /* Exceptions for "PluginWidgets" folder in "PluginWidgets" target */,
				2FB4B8CC2F64092E00E86DCC /* Exceptions for "PluginWidgets" folder in "MyWidgetExtension" target */,
			);
			path = PluginWidgets;
			sourceTree = "<group>";
		};
		2F4A873B2F6403250088B0BF /* MyWidget */ = {
			isa = PBXFileSystemSynchronizedRootGroup;
			exceptions = (
				2F4A874C2F6403260088B0BF /* Exceptions for "MyWidget" folder in "MyWidgetExtension" target */,
			);
			path = MyWidget;
			sourceTree = "<group>";
		};
/* End PBXFileSystemSynchronizedRootGroup section */

/* Begin PBXFrameworksBuildPhase section */
		2F4A87202F6401A10088B0BF /* Frameworks */ = {
			isa = PBXFrameworksBuildPhase;
			buildActionMask = 2147483647;
			files = (
				2F72CF162F65672800674881 /* MagicUi in Frameworks */,
			);
			runOnlyForDeploymentPostprocessing = 0;
		};
		2F4A87322F6403250088B0BF /* Frameworks */ = {
			isa = PBXFrameworksBuildPhase;
			buildActionMask = 2147483647;
			files = (
				2FB4B8D02F640B6200E86DCC /* MagicUi in Frameworks */,
				2F4A873A2F6403250088B0BF /* SwiftUI.framework in Frameworks */,
				2F4A87382F6403250088B0BF /* WidgetKit.framework in Frameworks */,
			);
			runOnlyForDeploymentPostprocessing = 0;
		};
/* End PBXFrameworksBuildPhase section */

/* Begin PBXGroup section */
		2F4A871A2F6401A10088B0BF = {
			isa = PBXGroup;
			children = (
				2F4A87652F64073B0088B0BF /* MyWidgetExtension.entitlements */,
				2F4A87252F6401A10088B0BF /* PluginWidgets */,
				2F4A873B2F6403250088B0BF /* MyWidget */,
				2F4A87362F6403250088B0BF /* Frameworks */,
				2F72CFA72F69B89300674881 /* MyWidgetExtension copy-Info.plist */,
				2F4A87242F6401A10088B0BF /* Products */,
			);
			sourceTree = "<group>";
		};
		2F4A87242F6401A10088B0BF /* Products */ = {
			isa = PBXGroup;
			children = (
				2F4A87232F6401A10088B0BF /* PluginWidgets.app */,
				2F4A87352F6403250088B0BF /* MyWidgetExtension.appex */,
			);
			name = Products;
			sourceTree = "<group>";
		};
		2F4A87362F6403250088B0BF /* Frameworks */ = {
			isa = PBXGroup;
			children = (
				2F4A87372F6403250088B0BF /* WidgetKit.framework */,
				2F4A87392F6403250088B0BF /* SwiftUI.framework */,
			);
			name = Frameworks;
			sourceTree = "<group>";
		};
/* End PBXGroup section */

/* Begin PBXNativeTarget section */
		2F4A87222F6401A10088B0BF /* PluginWidgets */ = {
			isa = PBXNativeTarget;
			buildConfigurationList = 2F4A872E2F6401A20088B0BF /* Build configuration list for PBXNativeTarget "PluginWidgets" */;
			buildPhases = (
				2F4A871F2F6401A10088B0BF /* Sources */,
				2F4A87202F6401A10088B0BF /* Frameworks */,
				2F4A87212F6401A10088B0BF /* Resources */,
				2F4A87502F6403260088B0BF /* Embed Foundation Extensions */,
			);
			buildRules = (
			);
			dependencies = (
				2F4A874A2F6403260088B0BF /* PBXTargetDependency */,
			);
			fileSystemSynchronizedGroups = (
				2F4A87252F6401A10088B0BF /* PluginWidgets */,
			);
			name = PluginWidgets;
			packageProductDependencies = (
				2F72CF152F65672800674881 /* MagicUi */,
			);
			productName = PluginWidgets;
			productReference = 2F4A87232F6401A10088B0BF /* PluginWidgets.app */;
			productType = "com.apple.product-type.application";
		};
		2F4A87342F6403250088B0BF /* MyWidgetExtension */ = {
			isa = PBXNativeTarget;
			buildConfigurationList = 2F4A874D2F6403260088B0BF /* Build configuration list for PBXNativeTarget "MyWidgetExtension" */;
			buildPhases = (
				2F4A87312F6403250088B0BF /* Sources */,
				2F4A87322F6403250088B0BF /* Frameworks */,
				2F4A87332F6403250088B0BF /* Resources */,
			);
			buildRules = (
			);
			dependencies = (
			);
			fileSystemSynchronizedGroups = (
				2F4A873B2F6403250088B0BF /* MyWidget */,
			);
			name = MyWidgetExtension;
			packageProductDependencies = (
				2FB4B8CF2F640B6200E86DCC /* MagicUi */,
			);
			productName = MyWidgetExtension;
			productReference = 2F4A87352F6403250088B0BF /* MyWidgetExtension.appex */;
			productType = "com.apple.product-type.app-extension";
		};
/* End PBXNativeTarget section */

/* Begin PBXProject section */
		2F4A871B2F6401A10088B0BF /* Project object */ = {
			isa = PBXProject;
			attributes = {
				BuildIndependentTargetsInParallel = 1;
				LastSwiftUpdateCheck = 2630;
				LastUpgradeCheck = 2630;
				TargetAttributes = {
					2F4A87222F6401A10088B0BF = {
						CreatedOnToolsVersion = 26.3;
					};
					2F4A87342F6403250088B0BF = {
						CreatedOnToolsVersion = 26.3;
					};
				};
			};
			buildConfigurationList = 2F4A871E2F6401A10088B0BF /* Build configuration list for PBXProject "PluginWidgets" */;
			developmentRegion = en;
			hasScannedForEncodings = 0;
			knownRegions = (
				en,
				Base,
			);
			mainGroup = 2F4A871A2F6401A10088B0BF;
			minimizedProjectReferenceProxies = 1;
			packageReferences = (
				2FB4B8CE2F640B6200E86DCC /* XCRemoteSwiftPackageReference "magicui-framework-beta" */,
			);
			preferredProjectObjectVersion = 77;
			productRefGroup = 2F4A87242F6401A10088B0BF /* Products */;
			projectDirPath = "";
			projectRoot = "";
			targets = (
				2F4A87222F6401A10088B0BF /* PluginWidgets */,
				2F4A87342F6403250088B0BF /* MyWidgetExtension */,
			);
		};
/* End PBXProject section */

/* Begin PBXResourcesBuildPhase section */
		2F4A87212F6401A10088B0BF /* Resources */ = {
			isa = PBXResourcesBuildPhase;
			buildActionMask = 2147483647;
			files = (
			);
			runOnlyForDeploymentPostprocessing = 0;
		};
		2F4A87332F6403250088B0BF /* Resources */ = {
			isa = PBXResourcesBuildPhase;
			buildActionMask = 2147483647;
			files = (
			);
			runOnlyForDeploymentPostprocessing = 0;
		};
/* End PBXResourcesBuildPhase section */

/* Begin PBXSourcesBuildPhase section */
		2F4A871F2F6401A10088B0BF /* Sources */ = {
			isa = PBXSourcesBuildPhase;
			buildActionMask = 2147483647;
			files = (
			);
			runOnlyForDeploymentPostprocessing = 0;
		};
		2F4A87312F6403250088B0BF /* Sources */ = {
			isa = PBXSourcesBuildPhase;
			buildActionMask = 2147483647;
			files = (
			);
			runOnlyForDeploymentPostprocessing = 0;
		};
/* End PBXSourcesBuildPhase section */

/* Begin PBXTargetDependency section */
		2F4A874A2F6403260088B0BF /* PBXTargetDependency */ = {
			isa = PBXTargetDependency;
			target = 2F4A87342F6403250088B0BF /* MyWidgetExtension */;
			targetProxy = 2F4A87492F6403260088B0BF /* PBXContainerItemProxy */;
		};
/* End PBXTargetDependency section */

/* Begin XCBuildConfiguration section */
		2F4A872C2F6401A20088B0BF /* Debug */ = {
			isa = XCBuildConfiguration;
			buildSettings = {
				ALWAYS_SEARCH_USER_PATHS = NO;
				ASSETCATALOG_COMPILER_GENERATE_SWIFT_ASSET_SYMBOL_EXTENSIONS = YES;
				CLANG_ANALYZER_NONNULL = YES;
				CLANG_ANALYZER_NUMBER_OBJECT_CONVERSION = YES_AGGRESSIVE;
				CLANG_CXX_LANGUAGE_STANDARD = "gnu++20";
				CLANG_ENABLE_MODULES = YES;
				CLANG_ENABLE_OBJC_ARC = YES;
				CLANG_ENABLE_OBJC_WEAK = YES;
				CLANG_WARN_BLOCK_CAPTURE_AUTORELEASING = YES;
				CLANG_WARN_BOOL_CONVERSION = YES;
				CLANG_WARN_COMMA = YES;
				CLANG_WARN_CONSTANT_CONVERSION = YES;
				CLANG_WARN_DEPRECATED_OBJC_IMPLEMENTATIONS = YES;
				CLANG_WARN_DIRECT_OBJC_ISA_USAGE = YES_ERROR;
				CLANG_WARN_DOCUMENTATION_COMMENTS = YES;
				CLANG_WARN_EMPTY_BODY = YES;
				CLANG_WARN_ENUM_CONVERSION = YES;
				CLANG_WARN_INFINITE_RECURSION = YES;
				CLANG_WARN_INT_CONVERSION = YES;
				CLANG_WARN_NON_LITERAL_NULL_CONVERSION = YES;
				CLANG_WARN_OBJC_IMPLICIT_RETAIN_SELF = YES;
				CLANG_WARN_OBJC_LITERAL_CONVERSION = YES;
				CLANG_WARN_OBJC_ROOT_CLASS = YES_ERROR;
				CLANG_WARN_QUOTED_INCLUDE_IN_FRAMEWORK_HEADER = YES;
				CLANG_WARN_RANGE_LOOP_ANALYSIS = YES;
				CLANG_WARN_STRICT_PROTOTYPES = YES;
				CLANG_WARN_SUSPICIOUS_MOVE = YES;
				CLANG_WARN_UNGUARDED_AVAILABILITY = YES_AGGRESSIVE;
				CLANG_WARN_UNREACHABLE_CODE = YES;
				CLANG_WARN__DUPLICATE_METHOD_MATCH = YES;
				COPY_PHASE_STRIP = NO;
				DEBUG_INFORMATION_FORMAT = dwarf;
				DEVELOPMENT_TEAM = X47885HM53;
				ENABLE_STRICT_OBJC_MSGSEND = YES;
				ENABLE_TESTABILITY = YES;
				ENABLE_USER_SCRIPT_SANDBOXING = YES;
				GCC_C_LANGUAGE_STANDARD = gnu17;
				GCC_DYNAMIC_NO_PIC = NO;
				GCC_NO_COMMON_BLOCKS = YES;
				GCC_OPTIMIZATION_LEVEL = 0;
				GCC_PREPROCESSOR_DEFINITIONS = (
					"DEBUG=1",
					"$(inherited)",
				);
				GCC_WARN_64_TO_32_BIT_CONVERSION = YES;
				GCC_WARN_ABOUT_RETURN_TYPE = YES_ERROR;
				GCC_WARN_UNDECLARED_SELECTOR = YES;
				GCC_WARN_UNINITIALIZED_AUTOS = YES_AGGRESSIVE;
				GCC_WARN_UNUSED_FUNCTION = YES;
				GCC_WARN_UNUSED_VARIABLE = YES;
				IPHONEOS_DEPLOYMENT_TARGET = 26.2;
				LOCALIZATION_PREFERS_STRING_CATALOGS = YES;
				MTL_ENABLE_DEBUG_INFO = INCLUDE_SOURCE;
				MTL_FAST_MATH = YES;
				ONLY_ACTIVE_ARCH = YES;
				SDKROOT = iphoneos;
				SWIFT_ACTIVE_COMPILATION_CONDITIONS = "DEBUG $(inherited)";
				SWIFT_OPTIMIZATION_LEVEL = "-Onone";
			};
			name = Debug;
		};
		2F4A872D2F6401A20088B0BF /* Release */ = {
			isa = XCBuildConfiguration;
			buildSettings = {
				ALWAYS_SEARCH_USER_PATHS = NO;
				ASSETCATALOG_COMPILER_GENERATE_SWIFT_ASSET_SYMBOL_EXTENSIONS = YES;
				CLANG_ANALYZER_NONNULL = YES;
				CLANG_ANALYZER_NUMBER_OBJECT_CONVERSION = YES_AGGRESSIVE;
				CLANG_CXX_LANGUAGE_STANDARD = "gnu++20";
				CLANG_ENABLE_MODULES = YES;
				CLANG_ENABLE_OBJC_ARC = YES;
				CLANG_ENABLE_OBJC_WEAK = YES;
				CLANG_WARN_BLOCK_CAPTURE_AUTORELEASING = YES;
				CLANG_WARN_BOOL_CONVERSION = YES;
				CLANG_WARN_COMMA = YES;
				CLANG_WARN_CONSTANT_CONVERSION = YES;
				CLANG_WARN_DEPRECATED_OBJC_IMPLEMENTATIONS = YES;
				CLANG_WARN_DIRECT_OBJC_ISA_USAGE = YES_ERROR;
				CLANG_WARN_DOCUMENTATION_COMMENTS = YES;
				CLANG_WARN_EMPTY_BODY = YES;
				CLANG_WARN_ENUM_CONVERSION = YES;
				CLANG_WARN_INFINITE_RECURSION = YES;
				CLANG_WARN_INT_CONVERSION = YES;
				CLANG_WARN_NON_LITERAL_NULL_CONVERSION = YES;
				CLANG_WARN_OBJC_IMPLICIT_RETAIN_SELF = YES;
				CLANG_WARN_OBJC_LITERAL_CONVERSION = YES;
				CLANG_WARN_OBJC_ROOT_CLASS = YES_ERROR;
				CLANG_WARN_QUOTED_INCLUDE_IN_FRAMEWORK_HEADER = YES;
				CLANG_WARN_RANGE_LOOP_ANALYSIS = YES;
				CLANG_WARN_STRICT_PROTOTYPES = YES;
				CLANG_WARN_SUSPICIOUS_MOVE = YES;
				CLANG_WARN_UNGUARDED_AVAILABILITY = YES_AGGRESSIVE;
				CLANG_WARN_UNREACHABLE_CODE = YES;
				CLANG_WARN__DUPLICATE_METHOD_MATCH = YES;
				COPY_PHASE_STRIP = NO;
				DEBUG_INFORMATION_FORMAT = "dwarf-with-dsym";
				DEVELOPMENT_TEAM = X47885HM53;
				ENABLE_NS_ASSERTIONS = NO;
				ENABLE_STRICT_OBJC_MSGSEND = YES;
				ENABLE_USER_SCRIPT_SANDBOXING = YES;
				GCC_C_LANGUAGE_STANDARD = gnu17;
				GCC_NO_COMMON_BLOCKS = YES;
				GCC_WARN_64_TO_32_BIT_CONVERSION = YES;
				GCC_WARN_ABOUT_RETURN_TYPE = YES_ERROR;
				GCC_WARN_UNDECLARED_SELECTOR = YES;
				GCC_WARN_UNINITIALIZED_AUTOS = YES_AGGRESSIVE;
				GCC_WARN_UNUSED_FUNCTION = YES;
				GCC_WARN_UNUSED_VARIABLE = YES;
				IPHONEOS_DEPLOYMENT_TARGET = 26.2;
				LOCALIZATION_PREFERS_STRING_CATALOGS = YES;
				MTL_ENABLE_DEBUG_INFO = NO;
				MTL_FAST_MATH = YES;
				SDKROOT = iphoneos;
				SWIFT_COMPILATION_MODE = wholemodule;
				VALIDATE_PRODUCT = YES;
			};
			name = Release;
		};
		2F4A872F2F6401A20088B0BF /* Debug */ = {
			isa = XCBuildConfiguration;
			buildSettings = {
				ASSETCATALOG_COMPILER_APPICON_NAME = AppIcon;
				ASSETCATALOG_COMPILER_GLOBAL_ACCENT_COLOR_NAME = AccentColor;
				CODE_SIGN_ENTITLEMENTS = PluginWidgets/PluginWidgets.entitlements;
				CODE_SIGN_STYLE = Automatic;
				CURRENT_PROJECT_VERSION = 1;
				DEVELOPMENT_TEAM = X47885HM53;
				ENABLE_PREVIEWS = YES;
				GENERATE_INFOPLIST_FILE = YES;
				INFOPLIST_FILE = PluginWidgets/Info.plist;
				INFOPLIST_KEY_UIApplicationSceneManifest_Generation = YES;
				INFOPLIST_KEY_UIApplicationSupportsIndirectInputEvents = YES;
				INFOPLIST_KEY_UILaunchScreen_Generation = YES;
				INFOPLIST_KEY_UISupportedInterfaceOrientations_iPad = "UIInterfaceOrientationPortrait UIInterfaceOrientationPortraitUpsideDown UIInterfaceOrientationLandscapeLeft UIInterfaceOrientationLandscapeRight";
				INFOPLIST_KEY_UISupportedInterfaceOrientations_iPhone = "UIInterfaceOrientationPortrait UIInterfaceOrientationLandscapeLeft UIInterfaceOrientationLandscapeRight";
				LD_RUNPATH_SEARCH_PATHS = (
					"$(inherited)",
					"@executable_path/Frameworks",
				);
				MARKETING_VERSION = 1.0;
				PRODUCT_BUNDLE_IDENTIFIER = com.shaffex.PluginWidgets;
				PRODUCT_NAME = "$(TARGET_NAME)";
				STRING_CATALOG_GENERATE_SYMBOLS = YES;
				SWIFT_APPROACHABLE_CONCURRENCY = YES;
				SWIFT_DEFAULT_ACTOR_ISOLATION = MainActor;
				SWIFT_EMIT_LOC_STRINGS = YES;
				SWIFT_UPCOMING_FEATURE_MEMBER_IMPORT_VISIBILITY = YES;
				SWIFT_VERSION = 5.0;
				TARGETED_DEVICE_FAMILY = "1,2";
			};
			name = Debug;
		};
		2F4A87302F6401A20088B0BF /* Release */ = {
			isa = XCBuildConfiguration;
			buildSettings = {
				ASSETCATALOG_COMPILER_APPICON_NAME = AppIcon;
				ASSETCATALOG_COMPILER_GLOBAL_ACCENT_COLOR_NAME = AccentColor;
				CODE_SIGN_ENTITLEMENTS = PluginWidgets/PluginWidgets.entitlements;
				CODE_SIGN_STYLE = Automatic;
				CURRENT_PROJECT_VERSION = 1;
				DEVELOPMENT_TEAM = X47885HM53;
				ENABLE_PREVIEWS = YES;
				GENERATE_INFOPLIST_FILE = YES;
				INFOPLIST_FILE = PluginWidgets/Info.plist;
				INFOPLIST_KEY_UIApplicationSceneManifest_Generation = YES;
				INFOPLIST_KEY_UIApplicationSupportsIndirectInputEvents = YES;
				INFOPLIST_KEY_UILaunchScreen_Generation = YES;
				INFOPLIST_KEY_UISupportedInterfaceOrientations_iPad = "UIInterfaceOrientationPortrait UIInterfaceOrientationPortraitUpsideDown UIInterfaceOrientationLandscapeLeft UIInterfaceOrientationLandscapeRight";
				INFOPLIST_KEY_UISupportedInterfaceOrientations_iPhone = "UIInterfaceOrientationPortrait UIInterfaceOrientationLandscapeLeft UIInterfaceOrientationLandscapeRight";
				LD_RUNPATH_SEARCH_PATHS = (
					"$(inherited)",
					"@executable_path/Frameworks",
				);
				MARKETING_VERSION = 1.0;
				PRODUCT_BUNDLE_IDENTIFIER = com.shaffex.PluginWidgets;
				PRODUCT_NAME = "$(TARGET_NAME)";
				STRING_CATALOG_GENERATE_SYMBOLS = YES;
				SWIFT_APPROACHABLE_CONCURRENCY = YES;
				SWIFT_DEFAULT_ACTOR_ISOLATION = MainActor;
				SWIFT_EMIT_LOC_STRINGS = YES;
				SWIFT_UPCOMING_FEATURE_MEMBER_IMPORT_VISIBILITY = YES;
				SWIFT_VERSION = 5.0;
				TARGETED_DEVICE_FAMILY = "1,2";
			};
			name = Release;
		};
		2F4A874E2F6403260088B0BF /* Debug */ = {
			isa = XCBuildConfiguration;
			buildSettings = {
				ASSETCATALOG_COMPILER_GLOBAL_ACCENT_COLOR_NAME = AccentColor;
				ASSETCATALOG_COMPILER_WIDGET_BACKGROUND_COLOR_NAME = WidgetBackground;
				CODE_SIGN_ENTITLEMENTS = MyWidgetExtension.entitlements;
				CODE_SIGN_STYLE = Automatic;
				CURRENT_PROJECT_VERSION = 1;
				DEVELOPMENT_TEAM = X47885HM53;
				GENERATE_INFOPLIST_FILE = YES;
				INFOPLIST_FILE = MyWidget/Info.plist;
				INFOPLIST_KEY_CFBundleDisplayName = MyWidget;
				INFOPLIST_KEY_NSHumanReadableCopyright = "";
				LD_RUNPATH_SEARCH_PATHS = (
					"$(inherited)",
					"@executable_path/Frameworks",
					"@executable_path/../../Frameworks",
				);
				MARKETING_VERSION = 1.0;
				PRODUCT_BUNDLE_IDENTIFIER = com.shaffex.PluginWidgets.MyWidget;
				PRODUCT_NAME = "$(TARGET_NAME)";
				SKIP_INSTALL = YES;
				STRING_CATALOG_GENERATE_SYMBOLS = YES;
				SWIFT_APPROACHABLE_CONCURRENCY = YES;
				SWIFT_EMIT_LOC_STRINGS = YES;
				SWIFT_UPCOMING_FEATURE_MEMBER_IMPORT_VISIBILITY = YES;
				SWIFT_VERSION = 5.0;
				TARGETED_DEVICE_FAMILY = "1,2";
			};
			name = Debug;
		};
		2F4A874F2F6403260088B0BF /* Release */ = {
			isa = XCBuildConfiguration;
			buildSettings = {
				ASSETCATALOG_COMPILER_GLOBAL_ACCENT_COLOR_NAME = AccentColor;
				ASSETCATALOG_COMPILER_WIDGET_BACKGROUND_COLOR_NAME = WidgetBackground;
				CODE_SIGN_ENTITLEMENTS = MyWidgetExtension.entitlements;
				CODE_SIGN_STYLE = Automatic;
				CURRENT_PROJECT_VERSION = 1;
				DEVELOPMENT_TEAM = X47885HM53;
				GENERATE_INFOPLIST_FILE = YES;
				INFOPLIST_FILE = MyWidget/Info.plist;
				INFOPLIST_KEY_CFBundleDisplayName = MyWidget;
				INFOPLIST_KEY_NSHumanReadableCopyright = "";
				LD_RUNPATH_SEARCH_PATHS = (
					"$(inherited)",
					"@executable_path/Frameworks",
					"@executable_path/../../Frameworks",
				);
				MARKETING_VERSION = 1.0;
				PRODUCT_BUNDLE_IDENTIFIER = com.shaffex.PluginWidgets.MyWidget;
				PRODUCT_NAME = "$(TARGET_NAME)";
				SKIP_INSTALL = YES;
				STRING_CATALOG_GENERATE_SYMBOLS = YES;
				SWIFT_APPROACHABLE_CONCURRENCY = YES;
				SWIFT_EMIT_LOC_STRINGS = YES;
				SWIFT_UPCOMING_FEATURE_MEMBER_IMPORT_VISIBILITY = YES;
				SWIFT_VERSION = 5.0;
				TARGETED_DEVICE_FAMILY = "1,2";
			};
			name = Release;
		};
/* End XCBuildConfiguration section */

/* Begin XCConfigurationList section */
		2F4A871E2F6401A10088B0BF /* Build configuration list for PBXProject "PluginWidgets" */ = {
			isa = XCConfigurationList;
			buildConfigurations = (
				2F4A872C2F6401A20088B0BF /* Debug */,
				2F4A872D2F6401A20088B0BF /* Release */,
			);
			defaultConfigurationIsVisible = 0;
			defaultConfigurationName = Release;
		};
		2F4A872E2F6401A20088B0BF /* Build configuration list for PBXNativeTarget "PluginWidgets" */ = {
			isa = XCConfigurationList;
			buildConfigurations = (
				2F4A872F2F6401A20088B0BF /* Debug */,
				2F4A87302F6401A20088B0BF /* Release */,
			);
			defaultConfigurationIsVisible = 0;
			defaultConfigurationName = Release;
		};
		2F4A874D2F6403260088B0BF /* Build configuration list for PBXNativeTarget "MyWidgetExtension" */ = {
			isa = XCConfigurationList;
			buildConfigurations = (
				2F4A874E2F6403260088B0BF /* Debug */,
				2F4A874F2F6403260088B0BF /* Release */,
			);
			defaultConfigurationIsVisible = 0;
			defaultConfigurationName = Release;
		};
/* End XCConfigurationList section */

/* Begin XCRemoteSwiftPackageReference section */
		2FB4B8CE2F640B6200E86DCC /* XCRemoteSwiftPackageReference "magicui-framework-beta" */ = {
			isa = XCRemoteSwiftPackageReference;
			repositoryURL = "https://gitlab.com/peter.popovec/magicui-framework-beta";
			requirement = {
				branch = main;
				kind = branch;
			};
		};
/* End XCRemoteSwiftPackageReference section */

/* Begin XCSwiftPackageProductDependency section */
		2F72CF152F65672800674881 /* MagicUi */ = {
			isa = XCSwiftPackageProductDependency;
			package = 2FB4B8CE2F640B6200E86DCC /* XCRemoteSwiftPackageReference "magicui-framework-beta" */;
			productName = MagicUi;
		};
		2FB4B8CF2F640B6200E86DCC /* MagicUi */ = {
			isa = XCSwiftPackageProductDependency;
			package = 2FB4B8CE2F640B6200E86DCC /* XCRemoteSwiftPackageReference "magicui-framework-beta" */;
			productName = MagicUi;
		};
/* End XCSwiftPackageProductDependency section */
	};
	rootObject = 2F4A871B2F6401A10088B0BF /* Project object */;
}
